
Microsoft Visual Studio Solution File, Format Version 12.00
# Visual Studio 15
VisualStudioVersion = 15.0.28010.2046
MinimumVisualStudioVersion = 10.0.40219.1
Project("{FAE04EC0-301F-11D3-BF4B-00C04F79EFBC}") = "TiposTelas.Android", "TiposTelas\TiposTelas.Android\TiposTelas.Android.csproj", "{42575D4E-77A4-414B-8AEF-A87C5161F856}"
EndProject
Project("{FAE04EC0-301F-11D3-BF4B-00C04F79EFBC}") = "TiposTelas.iOS", "TiposTelas\TiposTelas.iOS\TiposTelas.iOS.csproj", "{850558FE-A259-42F7-823A-27836D1D74FD}"
EndProject
Project("{FAE04EC0-301F-11D3-BF4B-00C04F79EFBC}") = "TiposTelas", "TiposTelas\TiposTelas\TiposTelas.csproj", "{D3633E7D-19D5-4A06-9785-C0EF40B7EE15}"
EndProject
Global
	GlobalSection(SolutionConfigurationPlatforms) = preSolution
		Ad-Hoc|Any CPU = Ad-Hoc|Any CPU
		Ad-Hoc|iPhone = Ad-Hoc|iPhone
		Ad-Hoc|iPhoneSimulator = Ad-Hoc|iPhoneSimulator
		AppStore|Any CPU = AppStore|Any CPU
		AppStore|iPhone = AppStore|iPhone
		AppStore|iPhoneSimulator = AppStore|iPhoneSimulator
		Debug|Any CPU = Debug|Any CPU
		Debug|iPhone = Debug|iPhone
		Debug|iPhoneSimulator = Debug|iPhoneSimulator
		Release|Any CPU = Release|Any CPU
		Release|iPhone = Release|iPhone
		Release|iPhoneSimulator = Release|iPhoneSimulator
	EndGlobalSection
	GlobalSection(ProjectConfigurationPlatforms) = postSolution
		{42575D4E-77A4-414B-8AEF-A87C5161F856}.Ad-Hoc|Any CPU.ActiveCfg = Release|Any CPU
		{42575D4E-77A4-414B-8AEF-A87C5161F856}.Ad-Hoc|Any CPU.Build.0 = Release|Any CPU
		{42575D4E-77A4-414B-8AEF-A87C5161F856}.Ad-Hoc|Any CPU.Deploy.0 = Release|Any CPU
		{42575D4E-77A4-414B-8AEF-A87C5161F856}.Ad-Hoc|iPhone.ActiveCfg = Release|Any CPU
		{42575D4E-77A4-414B-8AEF-A87C5161F856}.Ad-Hoc|iPhone.Build.0 = Release|Any CPU
		{42575D4E-77A4-414B-8AEF-A87C5161F856}.Ad-Hoc|iPhone.Deploy.0 = Release|Any CPU
		{42575D4E-77A4-414B-8AEF-A87C5161F856}.Ad-Hoc|iPhoneSimulator.ActiveCfg = Release|Any CPU
		{42575D4E-77A4-414B-8AEF-A87C5161F856}.Ad-Hoc|iPhoneSimulator.Build.0 = Release|Any CPU
		{42575D4E-77A4-414B-8AEF-A87C5161F856}.Ad-Hoc|iPhoneSimulator.Deploy.0 = Release|Any CPU
		{42575D4E-77A4-414B-8AEF-A87C5161F856}.AppStore|Any CPU.ActiveCfg = Release|Any CPU
		{42575D4E-77A4-414B-8AEF-A87C5161F856}.AppStore|Any CPU.Build.0 = Release|Any CPU
		{42575D4E-77A4-414B-8AEF-A87C5161F856}.AppStore|Any CPU.Deploy.0 = Release|Any CPU
		{42575D4E-77A4-414B-8AEF-A87C5161F856}.AppStore|iPhone.ActiveCfg = Release|Any CPU
		{42575D4E-77A4-414B-8AEF-A87C5161F856}.AppStore|iPhone.Build.0 = Release|Any CPU
		{42575D4E-77A4-414B-8AEF-A87C5161F856}.AppStore|iPhone.Deploy.0 = Release|Any CPU
		{42575D4E-77A4-414B-8AEF-A87C5161F856}.AppStore|iPhoneSimulator.ActiveCfg = Release|Any CPU
		{42575D4E-77A4-414B-8AEF-A87C5161F856}.AppStore|iPhoneSimulator.Build.0 = Release|Any CPU
		{42575D4E-77A4-414B-8AEF-A87C5161F856}.AppStore|iPhoneSimulator.Deploy.0 = Release|Any CPU
		{42575D4E-77A4-414B-8AEF-A87C5161F856}.Debug|Any CPU.ActiveCfg = Debug|Any CPU
		{42575D4E-77A4-414B-8AEF-A87C5161F856}.Debug|Any CPU.Build.0 = Debug|Any CPU
		{42575D4E-77A4-414B-8AEF-A87C5161F856}.Debug|Any CPU.Deploy.0 = Debug|Any CPU
		{42575D4E-77A4-414B-8AEF-A87C5161F856}.Debug|iPhone.ActiveCfg = Debug|Any CPU
		{42575D4E-77A4-414B-8AEF-A87C5161F856}.Debug|iPhone.Build.0 = Debug|Any CPU
		{42575D4E-77A4-414B-8AEF-A87C5161F856}.Debug|iPhone.Deploy.0 = Debug|Any CPU
		{42575D4E-77A4-414B-8AEF-A87C5161F856}.Debug|iPhoneSimulator.ActiveCfg = Debug|Any CPU
		{42575D4E-77A4-414B-8AEF-A87C5161F856}.Debug|iPhoneSimulator.Build.0 = Debug|Any CPU
		{42575D4E-77A4-414B-8AEF-A87C5161F856}.Debug|iPhoneSimulator.Deploy.0 = Debug|Any CPU
		{42575D4E-77A4-414B-8AEF-A87C5161F856}.Release|Any CPU.ActiveCfg = Release|Any CPU
		{42575D4E-77A4-414B-8AEF-A87C5161F856}.Release|Any CPU.Build.0 = Release|Any CPU
		{42575D4E-77A4-414B-8AEF-A87C5161F856}.Release|Any CPU.Deploy.0 = Release|Any CPU
		{42575D4E-77A4-414B-8AEF-A87C5161F856}.Release|iPhone.ActiveCfg = Release|Any CPU
		{42575D4E-77A4-414B-8AEF-A87C5161F856}.Release|iPhone.Build.0 = Release|Any CPU
		{42575D4E-77A4-414B-8AEF-A87C5161F856}.Release|iPhone.Deploy.0 = Release|Any CPU
		{42575D4E-77A4-414B-8AEF-A87C5161F856}.Release|iPhoneSimulator.ActiveCfg = Release|Any CPU
		{42575D4E-77A4-414B-8AEF-A87C5161F856}.Release|iPhoneSimulator.Build.0 = Release|Any CPU
		{42575D4E-77A4-414B-8AEF-A87C5161F856}.Release|iPhoneSimulator.Deploy.0 = Release|Any CPU
		{850558FE-A259-42F7-823A-27836D1D74FD}.Ad-Hoc|Any CPU.ActiveCfg = Ad-Hoc|iPhone
		{850558FE-A259-42F7-823A-27836D1D74FD}.Ad-Hoc|Any CPU.Build.0 = Ad-Hoc|iPhone
		{850558FE-A259-42F7-823A-27836D1D74FD}.Ad-Hoc|Any CPU.Deploy.0 = Ad-Hoc|iPhone
		{850558FE-A259-42F7-823A-27836D1D74FD}.Ad-Hoc|iPhone.ActiveCfg = Ad-Hoc|iPhone
		{850558FE-A259-42F7-823A-27836D1D74FD}.Ad-Hoc|iPhone.Build.0 = Ad-Hoc|iPhone
		{850558FE-A259-42F7-823A-27836D1D74FD}.Ad-Hoc|iPhone.Deploy.0 = Ad-Hoc|iPhone
		{850558FE-A259-42F7-823A-27836D1D74FD}.Ad-Hoc|iPhoneSimulator.ActiveCfg = Ad-Hoc|iPhoneSimulator
		{850558FE-A259-42F7-823A-27836D1D74FD}.Ad-Hoc|iPhoneSimulator.Build.0 = Ad-Hoc|iPhoneSimulator
		{850558FE-A259-42F7-823A-27836D1D74FD}.Ad-Hoc|iPhoneSimulator.Deploy.0 = Ad-Hoc|iPhoneSimulator
		{850558FE-A259-42F7-823A-27836D1D74FD}.AppStore|Any CPU.ActiveCfg = AppStore|iPhone
		{850558FE-A259-42F7-823A-27836D1D74FD}.AppStore|Any CPU.Build.0 = AppStore|iPhone
		{850558FE-A259-42F7-823A-27836D1D74FD}.AppStore|Any CPU.Deploy.0 = AppStore|iPhone
		{850558FE-A259-42F7-823A-27836D1D74FD}.AppStore|iPhone.ActiveCfg = AppStore|iPhone
		{850558FE-A259-42F7-823A-27836D1D74FD}.AppStore|iPhone.Build.0 = AppStore|iPhone
		{850558FE-A259-42F7-823A-27836D1D74FD}.AppStore|iPhone.Deploy.0 = AppStore|iPhone
		{850558FE-A259-42F7-823A-27836D1D74FD}.AppStore|iPhoneSimulator.ActiveCfg = AppStore|iPhoneSimulator
		{850558FE-A259-42F7-823A-27836D1D74FD}.AppStore|iPhoneSimulator.Build.0 = AppStore|iPhoneSimulator
		{850558FE-A259-42F7-823A-27836D1D74FD}.AppStore|iPhoneSimulator.Deploy.0 = AppStore|iPhoneSimulator
		{850558FE-A259-42F7-823A-27836D1D74FD}.Debug|Any CPU.ActiveCfg = Debug|iPhoneSimulator
		{850558FE-A259-42F7-823A-27836D1D74FD}.Debug|Any CPU.Build.0 = Debug|iPhoneSimulator
		{850558FE-A259-42F7-823A-27836D1D74FD}.Debug|Any CPU.Deploy.0 = Debug|iPhoneSimulator
		{850558FE-A259-42F7-823A-27836D1D74FD}.Debug|iPhone.ActiveCfg = Debug|iPhone
		{850558FE-A259-42F7-823A-27836D1D74FD}.Debug|iPhone.Build.0 = Debug|iPhone
		{850558FE-A259-42F7-823A-27836D1D74FD}.Debug|iPhone.Deploy.0 = Debug|iPhone
		{850558FE-A259-42F7-823A-27836D1D74FD}.Debug|iPhoneSimulator.ActiveCfg = Debug|iPhoneSimulator
		{850558FE-A259-42F7-823A-27836D1D74FD}.Debug|iPhoneSimulator.Build.0 = Debug|iPhoneSimulator
		{850558FE-A259-42F7-823A-27836D1D74FD}.Debug|iPhoneSimulator.Deploy.0 = Debug|iPhoneSimulator
		{850558FE-A259-42F7-823A-27836D1D74FD}.Release|Any CPU.ActiveCfg = Release|iPhone
		{850558FE-A259-42F7-823A-27836D1D74FD}.Release|Any CPU.Build.0 = Release|iPhone
		{850558FE-A259-42F7-823A-27836D1D74FD}.Release|Any CPU.Deploy.0 = Release|iPhone
		{850558FE-A259-42F7-823A-27836D1D74FD}.Release|iPhone.ActiveCfg = Release|iPhone
		{850558FE-A259-42F7-823A-27836D1D74FD}.Release|iPhone.Build.0 = Release|iPhone
		{850558FE-A259-42F7-823A-27836D1D74FD}.Release|iPhone.Deploy.0 = Release|iPhone
		{850558FE-A259-42F7-823A-27836D1D74FD}.Release|iPhoneSimulator.ActiveCfg = Release|iPhoneSimulator
		{850558FE-A259-42F7-823A-27836D1D74FD}.Release|iPhoneSimulator.Build.0 = Release|iPhoneSimulator
		{850558FE-A259-42F7-823A-27836D1D74FD}.Release|iPhoneSimulator.Deploy.0 = Release|iPhoneSimulator
		{D3633E7D-19D5-4A06-9785-C0EF40B7EE15}.Ad-Hoc|Any CPU.ActiveCfg = Debug|Any CPU
		{D3633E7D-19D5-4A06-9785-C0EF40B7EE15}.Ad-Hoc|Any CPU.Build.0 = Debug|Any CPU
		{D3633E7D-19D5-4A06-9785-C0EF40B7EE15}.Ad-Hoc|Any CPU.Deploy.0 = Debug|Any CPU
		{D3633E7D-19D5-4A06-9785-C0EF40B7EE15}.Ad-Hoc|iPhone.ActiveCfg = Debug|Any CPU
		{D3633E7D-19D5-4A06-9785-C0EF40B7EE15}.Ad-Hoc|iPhone.Build.0 = Debug|Any CPU
		{D3633E7D-19D5-4A06-9785-C0EF40B7EE15}.Ad-Hoc|iPhone.Deploy.0 = Debug|Any CPU
		{D3633E7D-19D5-4A06-9785-C0EF40B7EE15}.Ad-Hoc|iPhoneSimulator.ActiveCfg = Debug|Any CPU
		{D3633E7D-19D5-4A06-9785-C0EF40B7EE15}.Ad-Hoc|iPhoneSimulator.Build.0 = Debug|Any CPU
		{D3633E7D-19D5-4A06-9785-C0EF40B7EE15}.Ad-Hoc|iPhoneSimulator.Deploy.0 = Debug|Any CPU
		{D3633E7D-19D5-4A06-9785-C0EF40B7EE15}.AppStore|Any CPU.ActiveCfg = Debug|Any CPU
		{D3633E7D-19D5-4A06-9785-C0EF40B7EE15}.AppStore|Any CPU.Build.0 = Debug|Any CPU
		{D3633E7D-19D5-4A06-9785-C0EF40B7EE15}.AppStore|Any CPU.Deploy.0 = Debug|Any CPU
		{D3633E7D-19D5-4A06-9785-C0EF40B7EE15}.AppStore|iPhone.ActiveCfg = Debug|Any CPU
		{D3633E7D-19D5-4A06-9785-C0EF40B7EE15}.AppStore|iPhone.Build.0 = Debug|Any CPU
		{D3633E7D-19D5-4A06-9785-C0EF40B7EE15}.AppStore|iPhone.Deploy.0 = Debug|Any CPU
		{D3633E7D-19D5-4A06-9785-C0EF40B7EE15}.AppStore|iPhoneSimulator.ActiveCfg = Debug|Any CPU
		{D3633E7D-19D5-4A06-9785-C0EF40B7EE15}.AppStore|iPhoneSimulator.Build.0 = Debug|Any CPU
		{D3633E7D-19D5-4A06-9785-C0EF40B7EE15}.AppStore|iPhoneSimulator.Deploy.0 = Debug|Any CPU
		{D3633E7D-19D5-4A06-9785-C0EF40B7EE15}.Debug|Any CPU.ActiveCfg = Debug|Any CPU
		{D3633E7D-19D5-4A06-9785-C0EF40B7EE15}.Debug|Any CPU.Build.0 = Debug|Any CPU
		{D3633E7D-19D5-4A06-9785-C0EF40B7EE15}.Debug|Any CPU.Deploy.0 = Debug|Any CPU
		{D3633E7D-19D5-4A06-9785-C0EF40B7EE15}.Debug|iPhone.ActiveCfg = Debug|Any CPU
		{D3633E7D-19D5-4A06-9785-C0EF40B7EE15}.Debug|iPhone.Build.0 = Debug|Any CPU
		{D3633E7D-19D5-4A06-9785-C0EF40B7EE15}.Debug|iPhone.Deploy.0 = Debug|Any CPU
		{D3633E7D-19D5-4A06-9785-C0EF40B7EE15}.Debug|iPhoneSimulator.ActiveCfg = Debug|Any CPU
		{D3633E7D-19D5-4A06-9785-C0EF40B7EE15}.Debug|iPhoneSimulator.Build.0 = Debug|Any CPU
		{D3633E7D-19D5-4A06-9785-C0EF40B7EE15}.Debug|iPhoneSimulator.Deploy.0 = Debug|Any CPU
		{D3633E7D-19D5-4A06-9785-C0EF40B7EE15}.Release|Any CPU.ActiveCfg = Release|Any CPU
		{D3633E7D-19D5-4A06-9785-C0EF40B7EE15}.Release|Any CPU.Build.0 = Release|Any CPU
		{D3633E7D-19D5-4A06-9785-C0EF40B7EE15}.Release|Any CPU.Deploy.0 = Release|Any CPU
		{D3633E7D-19D5-4A06-9785-C0EF40B7EE15}.Release|iPhone.ActiveCfg = Release|Any CPU
		{D3633E7D-19D5-4A06-9785-C0EF40B7EE15}.Release|iPhone.Build.0 = Release|Any CPU
		{D3633E7D-19D5-4A06-9785-C0EF40B7EE15}.Release|iPhone.Deploy.0 = Release|Any CPU
		{D3633E7D-19D5-4A06-9785-C0EF40B7EE15}.Release|iPhoneSimulator.ActiveCfg = Release|Any CPU
		{D3633E7D-19D5-4A06-9785-C0EF40B7EE15}.Release|iPhoneSimulator.Build.0 = Release|Any CPU
		{D3633E7D-19D5-4A06-9785-C0EF40B7EE15}.Release|iPhoneSimulator.Deploy.0 = Release|Any CPU
	EndGlobalSection
	GlobalSection(SolutionProperties) = preSolution
		HideSolutionNode = FALSE
	EndGlobalSection
	GlobalSection(ExtensibilityGlobals) = postSolution
		SolutionGuid = {F1FFEF5E-4738-4D5E-B10A-A44C14A2D0E4}
	EndGlobalSection
EndGlobal
